
Microsoft Visual Studio Solution File, Format Version 12.00
# Visual Studio Version 17
VisualStudioVersion = 17.14.36623.8 d17.14
MinimumVisualStudioVersion = 10.0.40219.1
Project("{FAE04EC0-301F-11D3-BF4B-00C04F79EFBC}") = "Rest_API_Practice_withDOTNET", "Rest_API_Practice_withDOTNET\Rest_API_Practice_withDOTNET.csproj", "{D9C8CD50-930E-49B1-A339-C7BC42BDC599}"
EndProject
Global
	GlobalSection(SolutionConfigurationPlatforms) = preSolution
		Debug|Any CPU = Debug|Any CPU
		Release|Any CPU = Release|Any CPU
	EndGlobalSection
	GlobalSection(ProjectConfigurationPlatforms) = postSolution
		{D9C8CD50-930E-49B1-A339-C7BC42BDC599}.Debug|Any CPU.ActiveCfg = Debug|Any CPU
		{D9C8CD50-930E-49B1-A339-C7BC42BDC599}.Debug|Any CPU.Build.0 = Debug|Any CPU
		{D9C8CD50-930E-49B1-A339-C7BC42BDC599}.Release|Any CPU.ActiveCfg = Release|Any CPU
		{D9C8CD50-930E-49B1-A339-C7BC42BDC599}.Release|Any CPU.Build.0 = Release|Any CPU
	EndGlobalSection
	GlobalSection(SolutionProperties) = preSolution
		HideSolutionNode = FALSE
	EndGlobalSection
	GlobalSection(ExtensibilityGlobals) = postSolution
		SolutionGuid = {E86D8138-A330-41AC-A690-6A7EB17A75BF}
	EndGlobalSection
EndGlobal
